
Microsoft Visual Studio Solution File, Format Version 12.00
# Visual Studio Version 17
VisualStudioVersion = 17.6.33815.320
MinimumVisualStudioVersion = 10.0.40219.1
Project("{FAE04EC0-301F-11D3-BF4B-00C04F79EFBC}") = "Nortwind.Entitiy.class", "Nortwind.Entitiy.class\Nortwind.Entitiy.class.csproj", "{81EF3D02-2A87-436D-8782-435671230838}"
EndProject
Project("{FAE04EC0-301F-11D3-BF4B-00C04F79EFBC}") = "Northwind.DataAccess", "Northwind.DataAccess\Northwind.DataAccess.csproj", "{87C88BDA-0AF5-41A6-AF1A-6DB1A40E201A}"
EndProject
Project("{FAE04EC0-301F-11D3-BF4B-00C04F79EFBC}") = "Northwind.Business", "Northwind.Business\Northwind.Business.csproj", "{8480521F-9D11-4353-B821-85E012B19E98}"
EndProject
Project("{FAE04EC0-301F-11D3-BF4B-00C04F79EFBC}") = "Northwind.WebFormsUI", "Northwind.WebFormsUI\Northwind.WebFormsUI.csproj", "{8D297153-4990-4EB4-852A-635657A78E9D}"
EndProject
Global
	GlobalSection(SolutionConfigurationPlatforms) = preSolution
		Debug|Any CPU = Debug|Any CPU
		Release|Any CPU = Release|Any CPU
	EndGlobalSection
	GlobalSection(ProjectConfigurationPlatforms) = postSolution
		{81EF3D02-2A87-436D-8782-435671230838}.Debug|Any CPU.ActiveCfg = Debug|Any CPU
		{81EF3D02-2A87-436D-8782-435671230838}.Debug|Any CPU.Build.0 = Debug|Any CPU
		{81EF3D02-2A87-436D-8782-435671230838}.Release|Any CPU.ActiveCfg = Release|Any CPU
		{81EF3D02-2A87-436D-8782-435671230838}.Release|Any CPU.Build.0 = Release|Any CPU
		{87C88BDA-0AF5-41A6-AF1A-6DB1A40E201A}.Debug|Any CPU.ActiveCfg = Debug|Any CPU
		{87C88BDA-0AF5-41A6-AF1A-6DB1A40E201A}.Debug|Any CPU.Build.0 = Debug|Any CPU
		{87C88BDA-0AF5-41A6-AF1A-6DB1A40E201A}.Release|Any CPU.ActiveCfg = Release|Any CPU
		{87C88BDA-0AF5-41A6-AF1A-6DB1A40E201A}.Release|Any CPU.Build.0 = Release|Any CPU
		{8480521F-9D11-4353-B821-85E012B19E98}.Debug|Any CPU.ActiveCfg = Debug|Any CPU
		{8480521F-9D11-4353-B821-85E012B19E98}.Debug|Any CPU.Build.0 = Debug|Any CPU
		{8480521F-9D11-4353-B821-85E012B19E98}.Release|Any CPU.ActiveCfg = Release|Any CPU
		{8480521F-9D11-4353-B821-85E012B19E98}.Release|Any CPU.Build.0 = Release|Any CPU
		{8D297153-4990-4EB4-852A-635657A78E9D}.Debug|Any CPU.ActiveCfg = Debug|Any CPU
		{8D297153-4990-4EB4-852A-635657A78E9D}.Debug|Any CPU.Build.0 = Debug|Any CPU
		{8D297153-4990-4EB4-852A-635657A78E9D}.Release|Any CPU.ActiveCfg = Release|Any CPU
		{8D297153-4990-4EB4-852A-635657A78E9D}.Release|Any CPU.Build.0 = Release|Any CPU
	EndGlobalSection
	GlobalSection(SolutionProperties) = preSolution
		HideSolutionNode = FALSE
	EndGlobalSection
	GlobalSection(ExtensibilityGlobals) = postSolution
		SolutionGuid = {14B30145-78BD-43DD-B899-F473ACA810CF}
	EndGlobalSection
EndGlobal
